
Microsoft Visual Studio Solution File, Format Version 12.00
# Visual Studio Version 16
VisualStudioVersion = 16.0.30611.23
MinimumVisualStudioVersion = 10.0.40219.1
Project("{FAE04EC0-301F-11D3-BF4B-00C04F79EFBC}") = "CopyToFolderByLastWriteDate", "CopyToFolderByLastWriteDate\CopyToFolderByLastWriteDate.csproj", "{236B3FAF-5D16-4F69-855C-E381120C1186}"
EndProject
Global
	GlobalSection(SolutionConfigurationPlatforms) = preSolution
		Debug|Any CPU = Debug|Any CPU
		Release|Any CPU = Release|Any CPU
	EndGlobalSection
	GlobalSection(ProjectConfigurationPlatforms) = postSolution
		{236B3FAF-5D16-4F69-855C-E381120C1186}.Debug|Any CPU.ActiveCfg = Debug|Any CPU
		{236B3FAF-5D16-4F69-855C-E381120C1186}.Debug|Any CPU.Build.0 = Debug|Any CPU
		{236B3FAF-5D16-4F69-855C-E381120C1186}.Release|Any CPU.ActiveCfg = Release|Any CPU
		{236B3FAF-5D16-4F69-855C-E381120C1186}.Release|Any CPU.Build.0 = Release|Any CPU
	EndGlobalSection
	GlobalSection(SolutionProperties) = preSolution
		HideSolutionNode = FALSE
	EndGlobalSection
	GlobalSection(ExtensibilityGlobals) = postSolution
		SolutionGuid = {D0CC8907-8391-49D5-B5DE-32A2226C435C}
	EndGlobalSection
EndGlobal
